# THIS IS AN AUTOGENERATED FILE. DO NOT EDIT THIS FILE DIRECTLY.
# yarn lockfile v1


"base64url@3.x.x":
  "integrity" "sha512-ir1UPr3dkwexU7FdV8qBBbNDRUhMmIekYMFZfi+C/sLNnRESKPl23nB9b2pltqfOQNnGzsDdId90AEtG5tCx4A=="
  "resolved" "https://registry.npmjs.org/base64url/-/base64url-3.0.1.tgz"
  "version" "3.0.1"

"oauth@0.9.x":
  "integrity" "sha1-vR/vr2hslrdUda7VGWQS/2DPucE="
  "resolved" "https://registry.npmjs.org/oauth/-/oauth-0.9.15.tgz"
  "version" "0.9.15"

"passport-oauth2@^1.6.0":
  "integrity" "sha512-emXPLqLcVEcLFR/QvQXZcwLmfK8e9CqvMgmOFJxcNT3okSFMtUbRRKpY20x5euD+01uHsjjCa07DYboEeLXYiw=="
  "resolved" "https://registry.npmjs.org/passport-oauth2/-/passport-oauth2-1.6.0.tgz"
  "version" "1.6.0"
  dependencies:
    "base64url" "3.x.x"
    "oauth" "0.9.x"
    "passport-strategy" "1.x.x"
    "uid2" "0.0.x"
    "utils-merge" "1.x.x"

"passport-strategy@1.x.x":
  "integrity" "sha1-tVOaqPwiWj0a0XlHbd8ja0QPUuQ="
  "resolved" "https://registry.npmjs.org/passport-strategy/-/passport-strategy-1.0.0.tgz"
  "version" "1.0.0"

"uid2@0.0.x":
  "integrity" "sha512-IevTus0SbGwQzYh3+fRsAMTVVPOoIVufzacXcHPmdlle1jUpq7BRL+mw3dgeLanvGZdwwbWhRV6XrcFNdBmjWA=="
  "resolved" "https://registry.npmjs.org/uid2/-/uid2-0.0.4.tgz"
  "version" "0.0.4"

"utils-merge@1.x.x":
  "integrity" "sha1-n5VxD1CiZ5R7LMwSR0HBAoQn5xM="
  "resolved" "https://registry.npmjs.org/utils-merge/-/utils-merge-1.0.1.tgz"
  "version" "1.0.1"
